
Microsoft Visual Studio Solution File, Format Version 12.00
# Visual Studio Version 17
VisualStudioVersion = 17.11.35327.3
MinimumVisualStudioVersion = 10.0.40219.1
Project("{9A19103F-16F7-4668-BE54-9A1E7A4F7556}") = "VRAutiverse", "VRAutiverse\VRAutiverse.csproj", "{B211E04E-8DF2-43EC-8D4E-112EBCA400BB}"
EndProject
Project("{54435603-DBB4-11D2-8724-00A0C9A8B90C}") = "VR-Autiverse-Launcher", "VR-Autiverse-Launcher\VR-Autiverse-Launcher.vdproj", "{57644B94-52B0-4A15-9948-F2A9C92B55CD}"
EndProject
Global
	GlobalSection(SolutionConfigurationPlatforms) = preSolution
		Debug|Any CPU = Debug|Any CPU
		Release|Any CPU = Release|Any CPU
	EndGlobalSection
	GlobalSection(ProjectConfigurationPlatforms) = postSolution
		{B211E04E-8DF2-43EC-8D4E-112EBCA400BB}.Debug|Any CPU.ActiveCfg = Debug|Any CPU
		{B211E04E-8DF2-43EC-8D4E-112EBCA400BB}.Debug|Any CPU.Build.0 = Debug|Any CPU
		{B211E04E-8DF2-43EC-8D4E-112EBCA400BB}.Release|Any CPU.ActiveCfg = Release|Any CPU
		{B211E04E-8DF2-43EC-8D4E-112EBCA400BB}.Release|Any CPU.Build.0 = Release|Any CPU
		{57644B94-52B0-4A15-9948-F2A9C92B55CD}.Debug|Any CPU.ActiveCfg = Debug
		{57644B94-52B0-4A15-9948-F2A9C92B55CD}.Release|Any CPU.ActiveCfg = Release
	EndGlobalSection
	GlobalSection(SolutionProperties) = preSolution
		HideSolutionNode = FALSE
	EndGlobalSection
EndGlobal
